<?xml version="1.0" encoding="utf-8"?>
<Project ToolsVersion="4.0" xmlns="http://schemas.microsoft.com/developer/msbuild/2003">
  <ItemGroup>
    <MeshContentTask Include="table.FBX" />
    <MeshContentTask Include="treasure_chest.FBX" />
  </ItemGroup>
  <ItemGroup>
    <ImageContentTask Include="grass.jpg" />
    <ImageContentTask Include="white.jpg" />
    <ImageContentTask Include="logo.png" />
  </ItemGroup>
  <ItemGroup>
    <Text Include="cube.txt" />
    <Text Include="terrainTex.txt" />
    <Text Include="baseline.txt" />
    <Text Include="baseline2.txt" />
  </ItemGroup>
  <ItemGroup>
    <None Include="shader.fx" />
  </ItemGroup>
</Project>